// !$*UTF8*$!
{
	archiveVersion = 1;
	classes = {
	};
	objectVersion = 50;
	objects = {

/* Begin PBXBuildFile section */
		1B83AFEAA0559F79E78A510A /* Pods_CanZE4iOS.framework in Frameworks */ = {isa = PBXBuildFile; fileRef = BCA8374ED771D0A92AE82D4E /* Pods_CanZE4iOS.framework */; };
		629204D5258BB05000288D1E /* AppDelegate.swift in Sources */ = {isa = PBXBuildFile; fileRef = 629204D4258BB05000288D1E /* AppDelegate.swift */; };
		629204D7258BB05000288D1E /* SceneDelegate.swift in Sources */ = {isa = PBXBuildFile; fileRef = 629204D6258BB05000288D1E /* SceneDelegate.swift */; };
		629204D9258BB05000288D1E /* ViewController.swift in Sources */ = {isa = PBXBuildFile; fileRef = 629204D8258BB05000288D1E /* ViewController.swift */; };
		629204DC258BB05000288D1E /* Main.storyboard in Resources */ = {isa = PBXBuildFile; fileRef = 629204DA258BB05000288D1E /* Main.storyboard */; };
		629204DE258BB05400288D1E /* Assets.xcassets in Resources */ = {isa = PBXBuildFile; fileRef = 629204DD258BB05400288D1E /* Assets.xcassets */; };
		629204E1258BB05400288D1E /* LaunchScreen.storyboard in Resources */ = {isa = PBXBuildFile; fileRef = 629204DF258BB05400288D1E /* LaunchScreen.storyboard */; };
/* End PBXBuildFile section */

/* Begin PBXFileReference section */
		3C020A5B48FC71DD702E188E /* Pods-CanZE4iOS.release.xcconfig */ = {isa = PBXFileReference; includeInIndex = 1; lastKnownFileType = text.xcconfig; name = "Pods-CanZE4iOS.release.xcconfig"; path = "Target Support Files/Pods-CanZE4iOS/Pods-CanZE4iOS.release.xcconfig"; sourceTree = "<group>"; };
		629204D1258BB05000288D1E /* CanZE4iOS.app */ = {isa = PBXFileReference; explicitFileType = wrapper.application; includeInIndex = 0; path = CanZE4iOS.app; sourceTree = BUILT_PRODUCTS_DIR; };
		629204D4258BB05000288D1E /* AppDelegate.swift */ = {isa = PBXFileReference; lastKnownFileType = sourcecode.swift; path = AppDelegate.swift; sourceTree = "<group>"; };
		629204D6258BB05000288D1E /* SceneDelegate.swift */ = {isa = PBXFileReference; lastKnownFileType = sourcecode.swift; path = SceneDelegate.swift; sourceTree = "<group>"; };
		629204D8258BB05000288D1E /* ViewController.swift */ = {isa = PBXFileReference; lastKnownFileType = sourcecode.swift; path = ViewController.swift; sourceTree = "<group>"; };
		629204DB258BB05000288D1E /* Base */ = {isa = PBXFileReference; lastKnownFileType = file.storyboard; name = Base; path = Base.lproj/Main.storyboard; sourceTree = "<group>"; };
		629204DD258BB05400288D1E /* Assets.xcassets */ = {isa = PBXFileReference; lastKnownFileType = folder.assetcatalog; path = Assets.xcassets; sourceTree = "<group>"; };
		629204E0258BB05400288D1E /* Base */ = {isa = PBXFileReference; lastKnownFileType = file.storyboard; name = Base; path = Base.lproj/LaunchScreen.storyboard; sourceTree = "<group>"; };
		629204E2258BB05400288D1E /* Info.plist */ = {isa = PBXFileReference; lastKnownFileType = text.plist.xml; path = Info.plist; sourceTree = "<group>"; };
		BCA8374ED771D0A92AE82D4E /* Pods_CanZE4iOS.framework */ = {isa = PBXFileReference; explicitFileType = wrapper.framework; includeInIndex = 0; path = Pods_CanZE4iOS.framework; sourceTree = BUILT_PRODUCTS_DIR; };
		DE8A133E456DD435EBB2BBF6 /* Pods-CanZE4iOS.debug.xcconfig */ = {isa = PBXFileReference; includeInIndex = 1; lastKnownFileType = text.xcconfig; name = "Pods-CanZE4iOS.debug.xcconfig"; path = "Target Support Files/Pods-CanZE4iOS/Pods-CanZE4iOS.debug.xcconfig"; sourceTree = "<group>"; };
/* End PBXFileReference section */

/* Begin PBXFrameworksBuildPhase section */
		629204CE258BB05000288D1E /* Frameworks */ = {
			isa = PBXFrameworksBuildPhase;
			buildActionMask = 2147483647;
			files = (
				1B83AFEAA0559F79E78A510A /* Pods_CanZE4iOS.framework in Frameworks */,
			);
			runOnlyForDeploymentPostprocessing = 0;
		};
/* End PBXFrameworksBuildPhase section */

/* Begin PBXGroup section */
		5A2C5A058B935ED2C79ECB8D /* Frameworks */ = {
			isa = PBXGroup;
			children = (
				BCA8374ED771D0A92AE82D4E /* Pods_CanZE4iOS.framework */,
			);
			name = Frameworks;
			sourceTree = "<group>";
		};
		629204C8258BB05000288D1E = {
			isa = PBXGroup;
			children = (
				629204D3258BB05000288D1E /* CanZE4iOS */,
				629204D2258BB05000288D1E /* Products */,
				97A05342BD95B7010884AB5A /* Pods */,
				5A2C5A058B935ED2C79ECB8D /* Frameworks */,
			);
			sourceTree = "<group>";
		};
		629204D2258BB05000288D1E /* Products */ = {
			isa = PBXGroup;
			children = (
				629204D1258BB05000288D1E /* CanZE4iOS.app */,
			);
			name = Products;
			sourceTree = "<group>";
		};
		629204D3258BB05000288D1E /* CanZE4iOS */ = {
			isa = PBXGroup;
			children = (
				629204D4258BB05000288D1E /* AppDelegate.swift */,
				629204D6258BB05000288D1E /* SceneDelegate.swift */,
				629204D8258BB05000288D1E /* ViewController.swift */,
				629204DA258BB05000288D1E /* Main.storyboard */,
				629204DD258BB05400288D1E /* Assets.xcassets */,
				629204DF258BB05400288D1E /* LaunchScreen.storyboard */,
				629204E2258BB05400288D1E /* Info.plist */,
			);
			path = CanZE4iOS;
			sourceTree = "<group>";
		};
		97A05342BD95B7010884AB5A /* Pods */ = {
			isa = PBXGroup;
			children = (
				DE8A133E456DD435EBB2BBF6 /* Pods-CanZE4iOS.debug.xcconfig */,
				3C020A5B48FC71DD702E188E /* Pods-CanZE4iOS.release.xcconfig */,
			);
			name = Pods;
			path = Pods;
			sourceTree = "<group>";
		};
/* End PBXGroup section */

/* Begin PBXNativeTarget section */
		629204D0258BB05000288D1E /* CanZE4iOS */ = {
			isa = PBXNativeTarget;
			buildConfigurationList = 629204E5258BB05400288D1E /* Build configuration list for PBXNativeTarget "CanZE4iOS" */;
			buildPhases = (
				FDAAD8D5D444F8C732389C64 /* [CP] Check Pods Manifest.lock */,
				629204CD258BB05000288D1E /* Sources */,
				629204CE258BB05000288D1E /* Frameworks */,
				629204CF258BB05000288D1E /* Resources */,
				F6A3E708B9A94F5A74A07BCE /* [CP] Embed Pods Frameworks */,
			);
			buildRules = (
			);
			dependencies = (
			);
			name = CanZE4iOS;
			productName = CanZE4iOS;
			productReference = 629204D1258BB05000288D1E /* CanZE4iOS.app */;
			productType = "com.apple.product-type.application";
		};
/* End PBXNativeTarget section */

/* Begin PBXProject section */
		629204C9258BB05000288D1E /* Project object */ = {
			isa = PBXProject;
			attributes = {
				LastSwiftUpdateCheck = 1230;
				LastUpgradeCheck = 1230;
				TargetAttributes = {
					629204D0258BB05000288D1E = {
						CreatedOnToolsVersion = 12.3;
					};
				};
			};
			buildConfigurationList = 629204CC258BB05000288D1E /* Build configuration list for PBXProject "CanZE4iOS" */;
			compatibilityVersion = "Xcode 9.3";
			developmentRegion = en;
			hasScannedForEncodings = 0;
			knownRegions = (
				en,
				Base,
			);
			mainGroup = 629204C8258BB05000288D1E;
			productRefGroup = 629204D2258BB05000288D1E /* Products */;
			projectDirPath = "";
			projectRoot = "";
			targets = (
				629204D0258BB05000288D1E /* CanZE4iOS */,
			);
		};
/* End PBXProject section */

/* Begin PBXResourcesBuildPhase section */
		629204CF258BB05000288D1E /* Resources */ = {
			isa = PBXResourcesBuildPhase;
			buildActionMask = 2147483647;
			files = (
				629204E1258BB05400288D1E /* LaunchScreen.storyboard in Resources */,
				629204DE258BB05400288D1E /* Assets.xcassets in Resources */,
				629204DC258BB05000288D1E /* Main.storyboard in Resources */,
			);
			runOnlyForDeploymentPostprocessing = 0;
		};
/* End PBXResourcesBuildPhase section */

/* Begin PBXShellScriptBuildPhase section */
		F6A3E708B9A94F5A74A07BCE /* [CP] Embed Pods Frameworks */ = {
			isa = PBXShellScriptBuildPhase;
			buildActionMask = 2147483647;
			files = (
			);
			inputFileListPaths = (
				"${PODS_ROOT}/Target Support Files/Pods-CanZE4iOS/Pods-CanZE4iOS-frameworks-${CONFIGURATION}-input-files.xcfilelist",
			);
			name = "[CP] Embed Pods Frameworks";
			outputFileListPaths = (
				"${PODS_ROOT}/Target Support Files/Pods-CanZE4iOS/Pods-CanZE4iOS-frameworks-${CONFIGURATION}-output-files.xcfilelist",
			);
			runOnlyForDeploymentPostprocessing = 0;
			shellPath = /bin/sh;
			shellScript = "\"${PODS_ROOT}/Target Support Files/Pods-CanZE4iOS/Pods-CanZE4iOS-frameworks.sh\"\n";
			showEnvVarsInLog = 0;
		};
		FDAAD8D5D444F8C732389C64 /* [CP] Check Pods Manifest.lock */ = {
			isa = PBXShellScriptBuildPhase;
			buildActionMask = 2147483647;
			files = (
			);
			inputFileListPaths = (
			);
			inputPaths = (
				"${PODS_PODFILE_DIR_PATH}/Podfile.lock",
				"${PODS_ROOT}/Manifest.lock",
			);
			name = "[CP] Check Pods Manifest.lock";
			outputFileListPaths = (
			);
			outputPaths = (
				"$(DERIVED_FILE_DIR)/Pods-CanZE4iOS-checkManifestLockResult.txt",
			);
			runOnlyForDeploymentPostprocessing = 0;
			shellPath = /bin/sh;
			shellScript = "diff \"${PODS_PODFILE_DIR_PATH}/Podfile.lock\" \"${PODS_ROOT}/Manifest.lock\" > /dev/null\nif [ $? != 0 ] ; then\n    # print error to STDERR\n    echo \"error: The sandbox is not in sync with the Podfile.lock. Run 'pod install' or update your CocoaPods installation.\" >&2\n    exit 1\nfi\n# This output is used by Xcode 'outputs' to avoid re-running this script phase.\necho \"SUCCESS\" > \"${SCRIPT_OUTPUT_FILE_0}\"\n";
			showEnvVarsInLog = 0;
		};
/* End PBXShellScriptBuildPhase section */

/* Begin PBXSourcesBuildPhase section */
		629204CD258BB05000288D1E /* Sources */ = {
			isa = PBXSourcesBuildPhase;
			buildActionMask = 2147483647;
			files = (
				629204D9258BB05000288D1E /* ViewController.swift in Sources */,
				629204D5258BB05000288D1E /* AppDelegate.swift in Sources */,
				629204D7258BB05000288D1E /* SceneDelegate.swift in Sources */,
			);
			runOnlyForDeploymentPostprocessing = 0;
		};
/* End PBXSourcesBuildPhase section */

/* Begin PBXVariantGroup section */
		629204DA258BB05000288D1E /* Main.storyboard */ = {
			isa = PBXVariantGroup;
			children = (
				629204DB258BB05000288D1E /* Base */,
			);
			name = Main.storyboard;
			sourceTree = "<group>";
		};
		629204DF258BB05400288D1E /* LaunchScreen.storyboard */ = {
			isa = PBXVariantGroup;
			children = (
				629204E0258BB05400288D1E /* Base */,
			);
			name = LaunchScreen.storyboard;
			sourceTree = "<group>";
		};
/* End PBXVariantGroup section */

/* Begin XCBuildConfiguration section */
		629204E3258BB05400288D1E /* Debug */ = {
			isa = XCBuildConfiguration;
			buildSettings = {
				ALWAYS_SEARCH_USER_PATHS = NO;
				CLANG_ANALYZER_NONNULL = YES;
				CLANG_ANALYZER_NUMBER_OBJECT_CONVERSION = YES_AGGRESSIVE;
				CLANG_CXX_LANGUAGE_STANDARD = "gnu++14";
				CLANG_CXX_LIBRARY = "libc++";
				CLANG_ENABLE_MODULES = YES;
				CLANG_ENABLE_OBJC_ARC = YES;
				CLANG_ENABLE_OBJC_WEAK = YES;
				CLANG_WARN_BLOCK_CAPTURE_AUTORELEASING = YES;
				CLANG_WARN_BOOL_CONVERSION = YES;
				CLANG_WARN_COMMA = YES;
				CLANG_WARN_CONSTANT_CONVERSION = YES;
				CLANG_WARN_DEPRECATED_OBJC_IMPLEMENTATIONS = YES;
				CLANG_WARN_DIRECT_OBJC_ISA_USAGE = YES_ERROR;
				CLANG_WARN_DOCUMENTATION_COMMENTS = YES;
				CLANG_WARN_EMPTY_BODY = YES;
				CLANG_WARN_ENUM_CONVERSION = YES;
				CLANG_WARN_INFINITE_RECURSION = YES;
				CLANG_WARN_INT_CONVERSION = YES;
				CLANG_WARN_NON_LITERAL_NULL_CONVERSION = YES;
				CLANG_WARN_OBJC_IMPLICIT_RETAIN_SELF = YES;
				CLANG_WARN_OBJC_LITERAL_CONVERSION = YES;
				CLANG_WARN_OBJC_ROOT_CLASS = YES_ERROR;
				CLANG_WARN_QUOTED_INCLUDE_IN_FRAMEWORK_HEADER = YES;
				CLANG_WARN_RANGE_LOOP_ANALYSIS = YES;
				CLANG_WARN_STRICT_PROTOTYPES = YES;
				CLANG_WARN_SUSPICIOUS_MOVE = YES;
				CLANG_WARN_UNGUARDED_AVAILABILITY = YES_AGGRESSIVE;
				CLANG_WARN_UNREACHABLE_CODE = YES;
				CLANG_WARN__DUPLICATE_METHOD_MATCH = YES;
				COPY_PHASE_STRIP = NO;
				DEBUG_INFORMATION_FORMAT = dwarf;
				ENABLE_STRICT_OBJC_MSGSEND = YES;
				ENABLE_TESTABILITY = YES;
				GCC_C_LANGUAGE_STANDARD = gnu11;
				GCC_DYNAMIC_NO_PIC = NO;
				GCC_NO_COMMON_BLOCKS = YES;
				GCC_OPTIMIZATION_LEVEL = 0;
				GCC_PREPROCESSOR_DEFINITIONS = (
					"DEBUG=1",
					"$(inherited)",
				);
				GCC_WARN_64_TO_32_BIT_CONVERSION = YES;
				GCC_WARN_ABOUT_RETURN_TYPE = YES_ERROR;
				GCC_WARN_UNDECLARED_SELECTOR = YES;
				GCC_WARN_UNINITIALIZED_AUTOS = YES_AGGRESSIVE;
				GCC_WARN_UNUSED_FUNCTION = YES;
				GCC_WARN_UNUSED_VARIABLE = YES;
				IPHONEOS_DEPLOYMENT_TARGET = 13.0;
				MTL_ENABLE_DEBUG_INFO = INCLUDE_SOURCE;
				MTL_FAST_MATH = YES;
				ONLY_ACTIVE_ARCH = YES;
				SDKROOT = iphoneos;
				SWIFT_ACTIVE_COMPILATION_CONDITIONS = DEBUG;
				SWIFT_OPTIMIZATION_LEVEL = "-Onone";
			};
			name = Debug;
		};
		629204E4258BB05400288D1E /* Release */ = {
			isa = XCBuildConfiguration;
			buildSettings = {
				ALWAYS_SEARCH_USER_PATHS = NO;
				CLANG_ANALYZER_NONNULL = YES;
				CLANG_ANALYZER_NUMBER_OBJECT_CONVERSION = YES_AGGRESSIVE;
				CLANG_CXX_LANGUAGE_STANDARD = "gnu++14";
				CLANG_CXX_LIBRARY = "libc++";
				CLANG_ENABLE_MODULES = YES;
				CLANG_ENABLE_OBJC_ARC = YES;
				CLANG_ENABLE_OBJC_WEAK = YES;
				CLANG_WARN_BLOCK_CAPTURE_AUTORELEASING = YES;
				CLANG_WARN_BOOL_CONVERSION = YES;
				CLANG_WARN_COMMA = YES;
				CLANG_WARN_CONSTANT_CONVERSION = YES;
				CLANG_WARN_DEPRECATED_OBJC_IMPLEMENTATIONS = YES;
				CLANG_WARN_DIRECT_OBJC_ISA_USAGE = YES_ERROR;
				CLANG_WARN_DOCUMENTATION_COMMENTS = YES;
				CLANG_WARN_EMPTY_BODY = YES;
				CLANG_WARN_ENUM_CONVERSION = YES;
				CLANG_WARN_INFINITE_RECURSION = YES;
				CLANG_WARN_INT_CONVERSION = YES;
				CLANG_WARN_NON_LITERAL_NULL_CONVERSION = YES;
				CLANG_WARN_OBJC_IMPLICIT_RETAIN_SELF = YES;
				CLANG_WARN_OBJC_LITERAL_CONVERSION = YES;
				CLANG_WARN_OBJC_ROOT_CLASS = YES_ERROR;
				CLANG_WARN_QUOTED_INCLUDE_IN_FRAMEWORK_HEADER = YES;
				CLANG_WARN_RANGE_LOOP_ANALYSIS = YES;
				CLANG_WARN_STRICT_PROTOTYPES = YES;
				CLANG_WARN_SUSPICIOUS_MOVE = YES;
				CLANG_WARN_UNGUARDED_AVAILABILITY = YES_AGGRESSIVE;
				CLANG_WARN_UNREACHABLE_CODE = YES;
				CLANG_WARN__DUPLICATE_METHOD_MATCH = YES;
				COPY_PHASE_STRIP = NO;
				DEBUG_INFORMATION_FORMAT = "dwarf-with-dsym";
				ENABLE_NS_ASSERTIONS = NO;
				ENABLE_STRICT_OBJC_MSGSEND = YES;
				GCC_C_LANGUAGE_STANDARD = gnu11;
				GCC_NO_COMMON_BLOCKS = YES;
				GCC_WARN_64_TO_32_BIT_CONVERSION = YES;
				GCC_WARN_ABOUT_RETURN_TYPE = YES_ERROR;
				GCC_WARN_UNDECLARED_SELECTOR = YES;
				GCC_WARN_UNINITIALIZED_AUTOS = YES_AGGRESSIVE;
				GCC_WARN_UNUSED_FUNCTION = YES;
				GCC_WARN_UNUSED_VARIABLE = YES;
				IPHONEOS_DEPLOYMENT_TARGET = 13.0;
				MTL_ENABLE_DEBUG_INFO = NO;
				MTL_FAST_MATH = YES;
				SDKROOT = iphoneos;
				SWIFT_COMPILATION_MODE = wholemodule;
				SWIFT_OPTIMIZATION_LEVEL = "-O";
				VALIDATE_PRODUCT = YES;
			};
			name = Release;
		};
		629204E6258BB05400288D1E /* Debug */ = {
			isa = XCBuildConfiguration;
			baseConfigurationReference = DE8A133E456DD435EBB2BBF6 /* Pods-CanZE4iOS.debug.xcconfig */;
			buildSettings = {
				ASSETCATALOG_COMPILER_APPICON_NAME = AppIcon;
				ASSETCATALOG_COMPILER_GLOBAL_ACCENT_COLOR_NAME = AccentColor;
				CODE_SIGN_STYLE = Automatic;
				DEVELOPMENT_TEAM = USQU9Q295J;
				INFOPLIST_FILE = CanZE4iOS/Info.plist;
				LD_RUNPATH_SEARCH_PATHS = (
					"$(inherited)",
					"@executable_path/Frameworks",
				);
				PRODUCT_BUNDLE_IDENTIFIER = it.pw2.CanZE4iOS;
				PRODUCT_NAME = "$(TARGET_NAME)";
				SWIFT_VERSION = 5.0;
				TARGETED_DEVICE_FAMILY = "1,2";
			};
			name = Debug;
		};
		629204E7258BB05400288D1E /* Release */ = {
			isa = XCBuildConfiguration;
			baseConfigurationReference = 3C020A5B48FC71DD702E188E /* Pods-CanZE4iOS.release.xcconfig */;
			buildSettings = {
				ASSETCATALOG_COMPILER_APPICON_NAME = AppIcon;
				ASSETCATALOG_COMPILER_GLOBAL_ACCENT_COLOR_NAME = AccentColor;
				CODE_SIGN_STYLE = Automatic;
				DEVELOPMENT_TEAM = USQU9Q295J;
				INFOPLIST_FILE = CanZE4iOS/Info.plist;
				LD_RUNPATH_SEARCH_PATHS = (
					"$(inherited)",
					"@executable_path/Frameworks",
				);
				PRODUCT_BUNDLE_IDENTIFIER = it.pw2.CanZE4iOS;
				PRODUCT_NAME = "$(TARGET_NAME)";
				SWIFT_VERSION = 5.0;
				TARGETED_DEVICE_FAMILY = "1,2";
			};
			name = Release;
		};
/* End XCBuildConfiguration section */

/* Begin XCConfigurationList section */
		629204CC258BB05000288D1E /* Build configuration list for PBXProject "CanZE4iOS" */ = {
			isa = XCConfigurationList;
			buildConfigurations = (
				629204E3258BB05400288D1E /* Debug */,
				629204E4258BB05400288D1E /* Release */,
			);
			defaultConfigurationIsVisible = 0;
			defaultConfigurationName = Release;
		};
		629204E5258BB05400288D1E /* Build configuration list for PBXNativeTarget "CanZE4iOS" */ = {
			isa = XCConfigurationList;
			buildConfigurations = (
				629204E6258BB05400288D1E /* Debug */,
				629204E7258BB05400288D1E /* Release */,
			);
			defaultConfigurationIsVisible = 0;
			defaultConfigurationName = Release;
		};
/* End XCConfigurationList section */
	};
	rootObject = 629204C9258BB05000288D1E /* Project object */;
}
